
Microsoft Visual Studio Solution File, Format Version 12.00
# Visual Studio Version 17
VisualStudioVersion = 17.5.2.0
MinimumVisualStudioVersion = 10.0.40219.1
Project("{2150E333-8FDC-42A3-9474-1A3956D46DE8}") = "exercicis", "exercicis", "{B458C918-99C9-3C5B-4733-12801E6B4202}"
EndProject
Project("{FAE04EC0-301F-11D3-BF4B-00C04F79EFBC}") = "exercici1", "exercicis\exercici1\exercici1.csproj", "{9F3E1CF5-0C51-EA7F-28D0-8D554C242207}"
EndProject
Project("{FAE04EC0-301F-11D3-BF4B-00C04F79EFBC}") = "exercici2", "exercicis\exercici2\exercici2.csproj", "{48EFBE8B-DDC1-4805-B2CC-35F2A1410ED4}"
EndProject
Project("{FAE04EC0-301F-11D3-BF4B-00C04F79EFBC}") = "exercici3", "exercicis\exercici3\exercici3.csproj", "{BEE0F362-CD46-4CF1-B7FE-5334B9FCEF64}"
EndProject
Project("{FAE04EC0-301F-11D3-BF4B-00C04F79EFBC}") = "exercici4", "exercicis\exercici4\exercici4.csproj", "{D8214B45-2626-437F-8CCB-DC9577AE94DF}"
EndProject
Project("{FAE04EC0-301F-11D3-BF4B-00C04F79EFBC}") = "exercici5", "exercicis\exercici5\exercici5.csproj", "{E9022142-BB11-4B64-B5FC-5C57C7A99C6B}"
EndProject
Project("{FAE04EC0-301F-11D3-BF4B-00C04F79EFBC}") = "exercici6", "exercicis\exercici6\exercici6.csproj", "{2B50244E-F566-4F2B-932C-F04D7BF51FEF}"
EndProject
Project("{FAE04EC0-301F-11D3-BF4B-00C04F79EFBC}") = "exercici7", "exercicis\exercici7\exercici7.csproj", "{6BF0CFE8-43EC-4FFF-8A46-8729901CC9C8}"
EndProject
Project("{FAE04EC0-301F-11D3-BF4B-00C04F79EFBC}") = "exercici8", "exercicis\exercici8\exercici8.csproj", "{A2813857-C23F-4488-AB43-F566AF2F1855}"
EndProject
Project("{FAE04EC0-301F-11D3-BF4B-00C04F79EFBC}") = "exercici9", "exercicis\exercici9\exercici9.csproj", "{61DD8777-156F-4B83-B32D-3946E2B2E943}"
EndProject
Project("{FAE04EC0-301F-11D3-BF4B-00C04F79EFBC}") = "exercici10", "exercicis\exercici10\exercici10.csproj", "{C6B09FE7-66DD-447C-8A46-219A8988FC0A}"
EndProject
Project("{FAE04EC0-301F-11D3-BF4B-00C04F79EFBC}") = "exercici11", "exercicis\exercici11\exercici11.csproj", "{633D9127-FF22-4CFC-A493-A63CA0D88B71}"
EndProject
Project("{FAE04EC0-301F-11D3-BF4B-00C04F79EFBC}") = "exercici12", "exercicis\exercici12\exercici12.csproj", "{15C5A789-E0B0-41B2-B3A9-58CADF7C67F3}"
EndProject
Project("{FAE04EC0-301F-11D3-BF4B-00C04F79EFBC}") = "exercici13", "exercicis\exercici13\exercici13.csproj", "{52F34625-F9E8-4CF7-B875-A270446C3864}"
EndProject
Project("{FAE04EC0-301F-11D3-BF4B-00C04F79EFBC}") = "exercici14", "exercicis\exercici14\exercici14.csproj", "{97CD6DD1-F528-42F0-84B5-0A0919212ECF}"
EndProject
Project("{FAE04EC0-301F-11D3-BF4B-00C04F79EFBC}") = "exercici15", "exercicis\exercici15\exercici15.csproj", "{A6FF2EEC-2EA3-4A9C-9094-89C06D4DD332}"
EndProject
Project("{FAE04EC0-301F-11D3-BF4B-00C04F79EFBC}") = "exercici16", "exercicis\exercici16\exercici16.csproj", "{5853BC77-7619-4F81-A061-B1412DF84753}"
EndProject
Project("{FAE04EC0-301F-11D3-BF4B-00C04F79EFBC}") = "exercici17", "exercicis\exercici17\exercici17.csproj", "{1A864180-63E8-49E5-9D1E-92CCE010EC98}"
EndProject
Project("{FAE04EC0-301F-11D3-BF4B-00C04F79EFBC}") = "exercici18", "exercicis\exercici18\exercici18.csproj", "{E6FB7E16-E317-4840-997D-43797B0AEE40}"
EndProject
Project("{FAE04EC0-301F-11D3-BF4B-00C04F79EFBC}") = "exercici19", "exercicis\exercici19\exercici19.csproj", "{0ECDEEEB-4F43-4480-BF3C-BA95A27FB0BF}"
EndProject
Project("{FAE04EC0-301F-11D3-BF4B-00C04F79EFBC}") = "exercici20", "exercicis\exercici20\exercici20.csproj", "{9265A119-9A2A-439B-AA70-3711DE20DAC2}"
EndProject
Global
	GlobalSection(SolutionConfigurationPlatforms) = preSolution
		Debug|Any CPU = Debug|Any CPU
		Debug|x64 = Debug|x64
		Debug|x86 = Debug|x86
		Release|Any CPU = Release|Any CPU
		Release|x64 = Release|x64
		Release|x86 = Release|x86
	EndGlobalSection
	GlobalSection(ProjectConfigurationPlatforms) = postSolution
		{9F3E1CF5-0C51-EA7F-28D0-8D554C242207}.Debug|Any CPU.ActiveCfg = Debug|Any CPU
		{9F3E1CF5-0C51-EA7F-28D0-8D554C242207}.Debug|Any CPU.Build.0 = Debug|Any CPU
		{9F3E1CF5-0C51-EA7F-28D0-8D554C242207}.Debug|x64.ActiveCfg = Debug|Any CPU
		{9F3E1CF5-0C51-EA7F-28D0-8D554C242207}.Debug|x64.Build.0 = Debug|Any CPU
		{9F3E1CF5-0C51-EA7F-28D0-8D554C242207}.Debug|x86.ActiveCfg = Debug|Any CPU
		{9F3E1CF5-0C51-EA7F-28D0-8D554C242207}.Debug|x86.Build.0 = Debug|Any CPU
		{9F3E1CF5-0C51-EA7F-28D0-8D554C242207}.Release|Any CPU.ActiveCfg = Release|Any CPU
		{9F3E1CF5-0C51-EA7F-28D0-8D554C242207}.Release|Any CPU.Build.0 = Release|Any CPU
		{9F3E1CF5-0C51-EA7F-28D0-8D554C242207}.Release|x64.ActiveCfg = Release|Any CPU
		{9F3E1CF5-0C51-EA7F-28D0-8D554C242207}.Release|x64.Build.0 = Release|Any CPU
		{9F3E1CF5-0C51-EA7F-28D0-8D554C242207}.Release|x86.ActiveCfg = Release|Any CPU
		{9F3E1CF5-0C51-EA7F-28D0-8D554C242207}.Release|x86.Build.0 = Release|Any CPU
		{48EFBE8B-DDC1-4805-B2CC-35F2A1410ED4}.Debug|Any CPU.ActiveCfg = Debug|Any CPU
		{48EFBE8B-DDC1-4805-B2CC-35F2A1410ED4}.Debug|Any CPU.Build.0 = Debug|Any CPU
		{48EFBE8B-DDC1-4805-B2CC-35F2A1410ED4}.Debug|x64.ActiveCfg = Debug|Any CPU
		{48EFBE8B-DDC1-4805-B2CC-35F2A1410ED4}.Debug|x64.Build.0 = Debug|Any CPU
		{48EFBE8B-DDC1-4805-B2CC-35F2A1410ED4}.Debug|x86.ActiveCfg = Debug|Any CPU
		{48EFBE8B-DDC1-4805-B2CC-35F2A1410ED4}.Debug|x86.Build.0 = Debug|Any CPU
		{48EFBE8B-DDC1-4805-B2CC-35F2A1410ED4}.Release|Any CPU.ActiveCfg = Release|Any CPU
		{48EFBE8B-DDC1-4805-B2CC-35F2A1410ED4}.Release|Any CPU.Build.0 = Release|Any CPU
		{48EFBE8B-DDC1-4805-B2CC-35F2A1410ED4}.Release|x64.ActiveCfg = Release|Any CPU
		{48EFBE8B-DDC1-4805-B2CC-35F2A1410ED4}.Release|x64.Build.0 = Release|Any CPU
		{48EFBE8B-DDC1-4805-B2CC-35F2A1410ED4}.Release|x86.ActiveCfg = Release|Any CPU
		{48EFBE8B-DDC1-4805-B2CC-35F2A1410ED4}.Release|x86.Build.0 = Release|Any CPU
		{BEE0F362-CD46-4CF1-B7FE-5334B9FCEF64}.Debug|Any CPU.ActiveCfg = Debug|Any CPU
		{BEE0F362-CD46-4CF1-B7FE-5334B9FCEF64}.Debug|Any CPU.Build.0 = Debug|Any CPU
		{BEE0F362-CD46-4CF1-B7FE-5334B9FCEF64}.Debug|x64.ActiveCfg = Debug|Any CPU
		{BEE0F362-CD46-4CF1-B7FE-5334B9FCEF64}.Debug|x64.Build.0 = Debug|Any CPU
		{BEE0F362-CD46-4CF1-B7FE-5334B9FCEF64}.Debug|x86.ActiveCfg = Debug|Any CPU
		{BEE0F362-CD46-4CF1-B7FE-5334B9FCEF64}.Debug|x86.Build.0 = Debug|Any CPU
		{BEE0F362-CD46-4CF1-B7FE-5334B9FCEF64}.Release|Any CPU.ActiveCfg = Release|Any CPU
		{BEE0F362-CD46-4CF1-B7FE-5334B9FCEF64}.Release|Any CPU.Build.0 = Release|Any CPU
		{BEE0F362-CD46-4CF1-B7FE-5334B9FCEF64}.Release|x64.ActiveCfg = Release|Any CPU
		{BEE0F362-CD46-4CF1-B7FE-5334B9FCEF64}.Release|x64.Build.0 = Release|Any CPU
		{BEE0F362-CD46-4CF1-B7FE-5334B9FCEF64}.Release|x86.ActiveCfg = Release|Any CPU
		{BEE0F362-CD46-4CF1-B7FE-5334B9FCEF64}.Release|x86.Build.0 = Release|Any CPU
		{D8214B45-2626-437F-8CCB-DC9577AE94DF}.Debug|Any CPU.ActiveCfg = Debug|Any CPU
		{D8214B45-2626-437F-8CCB-DC9577AE94DF}.Debug|Any CPU.Build.0 = Debug|Any CPU
		{D8214B45-2626-437F-8CCB-DC9577AE94DF}.Debug|x64.ActiveCfg = Debug|Any CPU
		{D8214B45-2626-437F-8CCB-DC9577AE94DF}.Debug|x64.Build.0 = Debug|Any CPU
		{D8214B45-2626-437F-8CCB-DC9577AE94DF}.Debug|x86.ActiveCfg = Debug|Any CPU
		{D8214B45-2626-437F-8CCB-DC9577AE94DF}.Debug|x86.Build.0 = Debug|Any CPU
		{D8214B45-2626-437F-8CCB-DC9577AE94DF}.Release|Any CPU.ActiveCfg = Release|Any CPU
		{D8214B45-2626-437F-8CCB-DC9577AE94DF}.Release|Any CPU.Build.0 = Release|Any CPU
		{D8214B45-2626-437F-8CCB-DC9577AE94DF}.Release|x64.ActiveCfg = Release|Any CPU
		{D8214B45-2626-437F-8CCB-DC9577AE94DF}.Release|x64.Build.0 = Release|Any CPU
		{D8214B45-2626-437F-8CCB-DC9577AE94DF}.Release|x86.ActiveCfg = Release|Any CPU
		{D8214B45-2626-437F-8CCB-DC9577AE94DF}.Release|x86.Build.0 = Release|Any CPU
		{E9022142-BB11-4B64-B5FC-5C57C7A99C6B}.Debug|Any CPU.ActiveCfg = Debug|Any CPU
		{E9022142-BB11-4B64-B5FC-5C57C7A99C6B}.Debug|Any CPU.Build.0 = Debug|Any CPU
		{E9022142-BB11-4B64-B5FC-5C57C7A99C6B}.Debug|x64.ActiveCfg = Debug|Any CPU
		{E9022142-BB11-4B64-B5FC-5C57C7A99C6B}.Debug|x64.Build.0 = Debug|Any CPU
		{E9022142-BB11-4B64-B5FC-5C57C7A99C6B}.Debug|x86.ActiveCfg = Debug|Any CPU
		{E9022142-BB11-4B64-B5FC-5C57C7A99C6B}.Debug|x86.Build.0 = Debug|Any CPU
		{E9022142-BB11-4B64-B5FC-5C57C7A99C6B}.Release|Any CPU.ActiveCfg = Release|Any CPU
		{E9022142-BB11-4B64-B5FC-5C57C7A99C6B}.Release|Any CPU.Build.0 = Release|Any CPU
		{E9022142-BB11-4B64-B5FC-5C57C7A99C6B}.Release|x64.ActiveCfg = Release|Any CPU
		{E9022142-BB11-4B64-B5FC-5C57C7A99C6B}.Release|x64.Build.0 = Release|Any CPU
		{E9022142-BB11-4B64-B5FC-5C57C7A99C6B}.Release|x86.ActiveCfg = Release|Any CPU
		{E9022142-BB11-4B64-B5FC-5C57C7A99C6B}.Release|x86.Build.0 = Release|Any CPU
		{2B50244E-F566-4F2B-932C-F04D7BF51FEF}.Debug|Any CPU.ActiveCfg = Debug|Any CPU
		{2B50244E-F566-4F2B-932C-F04D7BF51FEF}.Debug|Any CPU.Build.0 = Debug|Any CPU
		{2B50244E-F566-4F2B-932C-F04D7BF51FEF}.Debug|x64.ActiveCfg = Debug|Any CPU
		{2B50244E-F566-4F2B-932C-F04D7BF51FEF}.Debug|x64.Build.0 = Debug|Any CPU
		{2B50244E-F566-4F2B-932C-F04D7BF51FEF}.Debug|x86.ActiveCfg = Debug|Any CPU
		{2B50244E-F566-4F2B-932C-F04D7BF51FEF}.Debug|x86.Build.0 = Debug|Any CPU
		{2B50244E-F566-4F2B-932C-F04D7BF51FEF}.Release|Any CPU.ActiveCfg = Release|Any CPU
		{2B50244E-F566-4F2B-932C-F04D7BF51FEF}.Release|Any CPU.Build.0 = Release|Any CPU
		{2B50244E-F566-4F2B-932C-F04D7BF51FEF}.Release|x64.ActiveCfg = Release|Any CPU
		{2B50244E-F566-4F2B-932C-F04D7BF51FEF}.Release|x64.Build.0 = Release|Any CPU
		{2B50244E-F566-4F2B-932C-F04D7BF51FEF}.Release|x86.ActiveCfg = Release|Any CPU
		{2B50244E-F566-4F2B-932C-F04D7BF51FEF}.Release|x86.Build.0 = Release|Any CPU
		{6BF0CFE8-43EC-4FFF-8A46-8729901CC9C8}.Debug|Any CPU.ActiveCfg = Debug|Any CPU
		{6BF0CFE8-43EC-4FFF-8A46-8729901CC9C8}.Debug|Any CPU.Build.0 = Debug|Any CPU
		{6BF0CFE8-43EC-4FFF-8A46-8729901CC9C8}.Debug|x64.ActiveCfg = Debug|Any CPU
		{6BF0CFE8-43EC-4FFF-8A46-8729901CC9C8}.Debug|x64.Build.0 = Debug|Any CPU
		{6BF0CFE8-43EC-4FFF-8A46-8729901CC9C8}.Debug|x86.ActiveCfg = Debug|Any CPU
		{6BF0CFE8-43EC-4FFF-8A46-8729901CC9C8}.Debug|x86.Build.0 = Debug|Any CPU
		{6BF0CFE8-43EC-4FFF-8A46-8729901CC9C8}.Release|Any CPU.ActiveCfg = Release|Any CPU
		{6BF0CFE8-43EC-4FFF-8A46-8729901CC9C8}.Release|Any CPU.Build.0 = Release|Any CPU
		{6BF0CFE8-43EC-4FFF-8A46-8729901CC9C8}.Release|x64.ActiveCfg = Release|Any CPU
		{6BF0CFE8-43EC-4FFF-8A46-8729901CC9C8}.Release|x64.Build.0 = Release|Any CPU
		{6BF0CFE8-43EC-4FFF-8A46-8729901CC9C8}.Release|x86.ActiveCfg = Release|Any CPU
		{6BF0CFE8-43EC-4FFF-8A46-8729901CC9C8}.Release|x86.Build.0 = Release|Any CPU
		{A2813857-C23F-4488-AB43-F566AF2F1855}.Debug|Any CPU.ActiveCfg = Debug|Any CPU
		{A2813857-C23F-4488-AB43-F566AF2F1855}.Debug|Any CPU.Build.0 = Debug|Any CPU
		{A2813857-C23F-4488-AB43-F566AF2F1855}.Debug|x64.ActiveCfg = Debug|Any CPU
		{A2813857-C23F-4488-AB43-F566AF2F1855}.Debug|x64.Build.0 = Debug|Any CPU
		{A2813857-C23F-4488-AB43-F566AF2F1855}.Debug|x86.ActiveCfg = Debug|Any CPU
		{A2813857-C23F-4488-AB43-F566AF2F1855}.Debug|x86.Build.0 = Debug|Any CPU
		{A2813857-C23F-4488-AB43-F566AF2F1855}.Release|Any CPU.ActiveCfg = Release|Any CPU
		{A2813857-C23F-4488-AB43-F566AF2F1855}.Release|Any CPU.Build.0 = Release|Any CPU
		{A2813857-C23F-4488-AB43-F566AF2F1855}.Release|x64.ActiveCfg = Release|Any CPU
		{A2813857-C23F-4488-AB43-F566AF2F1855}.Release|x64.Build.0 = Release|Any CPU
		{A2813857-C23F-4488-AB43-F566AF2F1855}.Release|x86.ActiveCfg = Release|Any CPU
		{A2813857-C23F-4488-AB43-F566AF2F1855}.Release|x86.Build.0 = Release|Any CPU
		{61DD8777-156F-4B83-B32D-3946E2B2E943}.Debug|Any CPU.ActiveCfg = Debug|Any CPU
		{61DD8777-156F-4B83-B32D-3946E2B2E943}.Debug|Any CPU.Build.0 = Debug|Any CPU
		{61DD8777-156F-4B83-B32D-3946E2B2E943}.Debug|x64.ActiveCfg = Debug|Any CPU
		{61DD8777-156F-4B83-B32D-3946E2B2E943}.Debug|x64.Build.0 = Debug|Any CPU
		{61DD8777-156F-4B83-B32D-3946E2B2E943}.Debug|x86.ActiveCfg = Debug|Any CPU
		{61DD8777-156F-4B83-B32D-3946E2B2E943}.Debug|x86.Build.0 = Debug|Any CPU
		{61DD8777-156F-4B83-B32D-3946E2B2E943}.Release|Any CPU.ActiveCfg = Release|Any CPU
		{61DD8777-156F-4B83-B32D-3946E2B2E943}.Release|Any CPU.Build.0 = Release|Any CPU
		{61DD8777-156F-4B83-B32D-3946E2B2E943}.Release|x64.ActiveCfg = Release|Any CPU
		{61DD8777-156F-4B83-B32D-3946E2B2E943}.Release|x64.Build.0 = Release|Any CPU
		{61DD8777-156F-4B83-B32D-3946E2B2E943}.Release|x86.ActiveCfg = Release|Any CPU
		{61DD8777-156F-4B83-B32D-3946E2B2E943}.Release|x86.Build.0 = Release|Any CPU
		{C6B09FE7-66DD-447C-8A46-219A8988FC0A}.Debug|Any CPU.ActiveCfg = Debug|Any CPU
		{C6B09FE7-66DD-447C-8A46-219A8988FC0A}.Debug|Any CPU.Build.0 = Debug|Any CPU
		{C6B09FE7-66DD-447C-8A46-219A8988FC0A}.Debug|x64.ActiveCfg = Debug|Any CPU
		{C6B09FE7-66DD-447C-8A46-219A8988FC0A}.Debug|x64.Build.0 = Debug|Any CPU
		{C6B09FE7-66DD-447C-8A46-219A8988FC0A}.Debug|x86.ActiveCfg = Debug|Any CPU
		{C6B09FE7-66DD-447C-8A46-219A8988FC0A}.Debug|x86.Build.0 = Debug|Any CPU
		{C6B09FE7-66DD-447C-8A46-219A8988FC0A}.Release|Any CPU.ActiveCfg = Release|Any CPU
		{C6B09FE7-66DD-447C-8A46-219A8988FC0A}.Release|Any CPU.Build.0 = Release|Any CPU
		{C6B09FE7-66DD-447C-8A46-219A8988FC0A}.Release|x64.ActiveCfg = Release|Any CPU
		{C6B09FE7-66DD-447C-8A46-219A8988FC0A}.Release|x64.Build.0 = Release|Any CPU
		{C6B09FE7-66DD-447C-8A46-219A8988FC0A}.Release|x86.ActiveCfg = Release|Any CPU
		{C6B09FE7-66DD-447C-8A46-219A8988FC0A}.Release|x86.Build.0 = Release|Any CPU
		{633D9127-FF22-4CFC-A493-A63CA0D88B71}.Debug|Any CPU.ActiveCfg = Debug|Any CPU
		{633D9127-FF22-4CFC-A493-A63CA0D88B71}.Debug|Any CPU.Build.0 = Debug|Any CPU
		{633D9127-FF22-4CFC-A493-A63CA0D88B71}.Debug|x64.ActiveCfg = Debug|Any CPU
		{633D9127-FF22-4CFC-A493-A63CA0D88B71}.Debug|x64.Build.0 = Debug|Any CPU
		{633D9127-FF22-4CFC-A493-A63CA0D88B71}.Debug|x86.ActiveCfg = Debug|Any CPU
		{633D9127-FF22-4CFC-A493-A63CA0D88B71}.Debug|x86.Build.0 = Debug|Any CPU
		{633D9127-FF22-4CFC-A493-A63CA0D88B71}.Release|Any CPU.ActiveCfg = Release|Any CPU
		{633D9127-FF22-4CFC-A493-A63CA0D88B71}.Release|Any CPU.Build.0 = Release|Any CPU
		{633D9127-FF22-4CFC-A493-A63CA0D88B71}.Release|x64.ActiveCfg = Release|Any CPU
		{633D9127-FF22-4CFC-A493-A63CA0D88B71}.Release|x64.Build.0 = Release|Any CPU
		{633D9127-FF22-4CFC-A493-A63CA0D88B71}.Release|x86.ActiveCfg = Release|Any CPU
		{633D9127-FF22-4CFC-A493-A63CA0D88B71}.Release|x86.Build.0 = Release|Any CPU
		{15C5A789-E0B0-41B2-B3A9-58CADF7C67F3}.Debug|Any CPU.ActiveCfg = Debug|Any CPU
		{15C5A789-E0B0-41B2-B3A9-58CADF7C67F3}.Debug|Any CPU.Build.0 = Debug|Any CPU
		{15C5A789-E0B0-41B2-B3A9-58CADF7C67F3}.Debug|x64.ActiveCfg = Debug|Any CPU
		{15C5A789-E0B0-41B2-B3A9-58CADF7C67F3}.Debug|x64.Build.0 = Debug|Any CPU
		{15C5A789-E0B0-41B2-B3A9-58CADF7C67F3}.Debug|x86.ActiveCfg = Debug|Any CPU
		{15C5A789-E0B0-41B2-B3A9-58CADF7C67F3}.Debug|x86.Build.0 = Debug|Any CPU
		{15C5A789-E0B0-41B2-B3A9-58CADF7C67F3}.Release|Any CPU.ActiveCfg = Release|Any CPU
		{15C5A789-E0B0-41B2-B3A9-58CADF7C67F3}.Release|Any CPU.Build.0 = Release|Any CPU
		{15C5A789-E0B0-41B2-B3A9-58CADF7C67F3}.Release|x64.ActiveCfg = Release|Any CPU
		{15C5A789-E0B0-41B2-B3A9-58CADF7C67F3}.Release|x64.Build.0 = Release|Any CPU
		{15C5A789-E0B0-41B2-B3A9-58CADF7C67F3}.Release|x86.ActiveCfg = Release|Any CPU
		{15C5A789-E0B0-41B2-B3A9-58CADF7C67F3}.Release|x86.Build.0 = Release|Any CPU
		{52F34625-F9E8-4CF7-B875-A270446C3864}.Debug|Any CPU.ActiveCfg = Debug|Any CPU
		{52F34625-F9E8-4CF7-B875-A270446C3864}.Debug|Any CPU.Build.0 = Debug|Any CPU
		{52F34625-F9E8-4CF7-B875-A270446C3864}.Debug|x64.ActiveCfg = Debug|Any CPU
		{52F34625-F9E8-4CF7-B875-A270446C3864}.Debug|x64.Build.0 = Debug|Any CPU
		{52F34625-F9E8-4CF7-B875-A270446C3864}.Debug|x86.ActiveCfg = Debug|Any CPU
		{52F34625-F9E8-4CF7-B875-A270446C3864}.Debug|x86.Build.0 = Debug|Any CPU
		{52F34625-F9E8-4CF7-B875-A270446C3864}.Release|Any CPU.ActiveCfg = Release|Any CPU
		{52F34625-F9E8-4CF7-B875-A270446C3864}.Release|Any CPU.Build.0 = Release|Any CPU
		{52F34625-F9E8-4CF7-B875-A270446C3864}.Release|x64.ActiveCfg = Release|Any CPU
		{52F34625-F9E8-4CF7-B875-A270446C3864}.Release|x64.Build.0 = Release|Any CPU
		{52F34625-F9E8-4CF7-B875-A270446C3864}.Release|x86.ActiveCfg = Release|Any CPU
		{52F34625-F9E8-4CF7-B875-A270446C3864}.Release|x86.Build.0 = Release|Any CPU
		{97CD6DD1-F528-42F0-84B5-0A0919212ECF}.Debug|Any CPU.ActiveCfg = Debug|Any CPU
		{97CD6DD1-F528-42F0-84B5-0A0919212ECF}.Debug|Any CPU.Build.0 = Debug|Any CPU
		{97CD6DD1-F528-42F0-84B5-0A0919212ECF}.Debug|x64.ActiveCfg = Debug|Any CPU
		{97CD6DD1-F528-42F0-84B5-0A0919212ECF}.Debug|x64.Build.0 = Debug|Any CPU
		{97CD6DD1-F528-42F0-84B5-0A0919212ECF}.Debug|x86.ActiveCfg = Debug|Any CPU
		{97CD6DD1-F528-42F0-84B5-0A0919212ECF}.Debug|x86.Build.0 = Debug|Any CPU
		{97CD6DD1-F528-42F0-84B5-0A0919212ECF}.Release|Any CPU.ActiveCfg = Release|Any CPU
		{97CD6DD1-F528-42F0-84B5-0A0919212ECF}.Release|Any CPU.Build.0 = Release|Any CPU
		{97CD6DD1-F528-42F0-84B5-0A0919212ECF}.Release|x64.ActiveCfg = Release|Any CPU
		{97CD6DD1-F528-42F0-84B5-0A0919212ECF}.Release|x64.Build.0 = Release|Any CPU
		{97CD6DD1-F528-42F0-84B5-0A0919212ECF}.Release|x86.ActiveCfg = Release|Any CPU
		{97CD6DD1-F528-42F0-84B5-0A0919212ECF}.Release|x86.Build.0 = Release|Any CPU
		{A6FF2EEC-2EA3-4A9C-9094-89C06D4DD332}.Debug|Any CPU.ActiveCfg = Debug|Any CPU
		{A6FF2EEC-2EA3-4A9C-9094-89C06D4DD332}.Debug|Any CPU.Build.0 = Debug|Any CPU
		{A6FF2EEC-2EA3-4A9C-9094-89C06D4DD332}.Debug|x64.ActiveCfg = Debug|Any CPU
		{A6FF2EEC-2EA3-4A9C-9094-89C06D4DD332}.Debug|x64.Build.0 = Debug|Any CPU
		{A6FF2EEC-2EA3-4A9C-9094-89C06D4DD332}.Debug|x86.ActiveCfg = Debug|Any CPU
		{A6FF2EEC-2EA3-4A9C-9094-89C06D4DD332}.Debug|x86.Build.0 = Debug|Any CPU
		{A6FF2EEC-2EA3-4A9C-9094-89C06D4DD332}.Release|Any CPU.ActiveCfg = Release|Any CPU
		{A6FF2EEC-2EA3-4A9C-9094-89C06D4DD332}.Release|Any CPU.Build.0 = Release|Any CPU
		{A6FF2EEC-2EA3-4A9C-9094-89C06D4DD332}.Release|x64.ActiveCfg = Release|Any CPU
		{A6FF2EEC-2EA3-4A9C-9094-89C06D4DD332}.Release|x64.Build.0 = Release|Any CPU
		{A6FF2EEC-2EA3-4A9C-9094-89C06D4DD332}.Release|x86.ActiveCfg = Release|Any CPU
		{A6FF2EEC-2EA3-4A9C-9094-89C06D4DD332}.Release|x86.Build.0 = Release|Any CPU
		{5853BC77-7619-4F81-A061-B1412DF84753}.Debug|Any CPU.ActiveCfg = Debug|Any CPU
		{5853BC77-7619-4F81-A061-B1412DF84753}.Debug|Any CPU.Build.0 = Debug|Any CPU
		{5853BC77-7619-4F81-A061-B1412DF84753}.Debug|x64.ActiveCfg = Debug|Any CPU
		{5853BC77-7619-4F81-A061-B1412DF84753}.Debug|x64.Build.0 = Debug|Any CPU
		{5853BC77-7619-4F81-A061-B1412DF84753}.Debug|x86.ActiveCfg = Debug|Any CPU
		{5853BC77-7619-4F81-A061-B1412DF84753}.Debug|x86.Build.0 = Debug|Any CPU
		{5853BC77-7619-4F81-A061-B1412DF84753}.Release|Any CPU.ActiveCfg = Release|Any CPU
		{5853BC77-7619-4F81-A061-B1412DF84753}.Release|Any CPU.Build.0 = Release|Any CPU
		{5853BC77-7619-4F81-A061-B1412DF84753}.Release|x64.ActiveCfg = Release|Any CPU
		{5853BC77-7619-4F81-A061-B1412DF84753}.Release|x64.Build.0 = Release|Any CPU
		{5853BC77-7619-4F81-A061-B1412DF84753}.Release|x86.ActiveCfg = Release|Any CPU
		{5853BC77-7619-4F81-A061-B1412DF84753}.Release|x86.Build.0 = Release|Any CPU
		{1A864180-63E8-49E5-9D1E-92CCE010EC98}.Debug|Any CPU.ActiveCfg = Debug|Any CPU
		{1A864180-63E8-49E5-9D1E-92CCE010EC98}.Debug|Any CPU.Build.0 = Debug|Any CPU
		{1A864180-63E8-49E5-9D1E-92CCE010EC98}.Debug|x64.ActiveCfg = Debug|Any CPU
		{1A864180-63E8-49E5-9D1E-92CCE010EC98}.Debug|x64.Build.0 = Debug|Any CPU
		{1A864180-63E8-49E5-9D1E-92CCE010EC98}.Debug|x86.ActiveCfg = Debug|Any CPU
		{1A864180-63E8-49E5-9D1E-92CCE010EC98}.Debug|x86.Build.0 = Debug|Any CPU
		{1A864180-63E8-49E5-9D1E-92CCE010EC98}.Release|Any CPU.ActiveCfg = Release|Any CPU
		{1A864180-63E8-49E5-9D1E-92CCE010EC98}.Release|Any CPU.Build.0 = Release|Any CPU
		{1A864180-63E8-49E5-9D1E-92CCE010EC98}.Release|x64.ActiveCfg = Release|Any CPU
		{1A864180-63E8-49E5-9D1E-92CCE010EC98}.Release|x64.Build.0 = Release|Any CPU
		{1A864180-63E8-49E5-9D1E-92CCE010EC98}.Release|x86.ActiveCfg = Release|Any CPU
		{1A864180-63E8-49E5-9D1E-92CCE010EC98}.Release|x86.Build.0 = Release|Any CPU
		{E6FB7E16-E317-4840-997D-43797B0AEE40}.Debug|Any CPU.ActiveCfg = Debug|Any CPU
		{E6FB7E16-E317-4840-997D-43797B0AEE40}.Debug|Any CPU.Build.0 = Debug|Any CPU
		{E6FB7E16-E317-4840-997D-43797B0AEE40}.Debug|x64.ActiveCfg = Debug|Any CPU
		{E6FB7E16-E317-4840-997D-43797B0AEE40}.Debug|x64.Build.0 = Debug|Any CPU
		{E6FB7E16-E317-4840-997D-43797B0AEE40}.Debug|x86.ActiveCfg = Debug|Any CPU
		{E6FB7E16-E317-4840-997D-43797B0AEE40}.Debug|x86.Build.0 = Debug|Any CPU
		{E6FB7E16-E317-4840-997D-43797B0AEE40}.Release|Any CPU.ActiveCfg = Release|Any CPU
		{E6FB7E16-E317-4840-997D-43797B0AEE40}.Release|Any CPU.Build.0 = Release|Any CPU
		{E6FB7E16-E317-4840-997D-43797B0AEE40}.Release|x64.ActiveCfg = Release|Any CPU
		{E6FB7E16-E317-4840-997D-43797B0AEE40}.Release|x64.Build.0 = Release|Any CPU
		{E6FB7E16-E317-4840-997D-43797B0AEE40}.Release|x86.ActiveCfg = Release|Any CPU
		{E6FB7E16-E317-4840-997D-43797B0AEE40}.Release|x86.Build.0 = Release|Any CPU
		{0ECDEEEB-4F43-4480-BF3C-BA95A27FB0BF}.Debug|Any CPU.ActiveCfg = Debug|Any CPU
		{0ECDEEEB-4F43-4480-BF3C-BA95A27FB0BF}.Debug|Any CPU.Build.0 = Debug|Any CPU
		{0ECDEEEB-4F43-4480-BF3C-BA95A27FB0BF}.Debug|x64.ActiveCfg = Debug|Any CPU
		{0ECDEEEB-4F43-4480-BF3C-BA95A27FB0BF}.Debug|x64.Build.0 = Debug|Any CPU
		{0ECDEEEB-4F43-4480-BF3C-BA95A27FB0BF}.Debug|x86.ActiveCfg = Debug|Any CPU
		{0ECDEEEB-4F43-4480-BF3C-BA95A27FB0BF}.Debug|x86.Build.0 = Debug|Any CPU
		{0ECDEEEB-4F43-4480-BF3C-BA95A27FB0BF}.Release|Any CPU.ActiveCfg = Release|Any CPU
		{0ECDEEEB-4F43-4480-BF3C-BA95A27FB0BF}.Release|Any CPU.Build.0 = Release|Any CPU
		{0ECDEEEB-4F43-4480-BF3C-BA95A27FB0BF}.Release|x64.ActiveCfg = Release|Any CPU
		{0ECDEEEB-4F43-4480-BF3C-BA95A27FB0BF}.Release|x64.Build.0 = Release|Any CPU
		{0ECDEEEB-4F43-4480-BF3C-BA95A27FB0BF}.Release|x86.ActiveCfg = Release|Any CPU
		{0ECDEEEB-4F43-4480-BF3C-BA95A27FB0BF}.Release|x86.Build.0 = Release|Any CPU
		{9265A119-9A2A-439B-AA70-3711DE20DAC2}.Debug|Any CPU.ActiveCfg = Debug|Any CPU
		{9265A119-9A2A-439B-AA70-3711DE20DAC2}.Debug|Any CPU.Build.0 = Debug|Any CPU
		{9265A119-9A2A-439B-AA70-3711DE20DAC2}.Debug|x64.ActiveCfg = Debug|Any CPU
		{9265A119-9A2A-439B-AA70-3711DE20DAC2}.Debug|x64.Build.0 = Debug|Any CPU
		{9265A119-9A2A-439B-AA70-3711DE20DAC2}.Debug|x86.ActiveCfg = Debug|Any CPU
		{9265A119-9A2A-439B-AA70-3711DE20DAC2}.Debug|x86.Build.0 = Debug|Any CPU
		{9265A119-9A2A-439B-AA70-3711DE20DAC2}.Release|Any CPU.ActiveCfg = Release|Any CPU
		{9265A119-9A2A-439B-AA70-3711DE20DAC2}.Release|Any CPU.Build.0 = Release|Any CPU
		{9265A119-9A2A-439B-AA70-3711DE20DAC2}.Release|x64.ActiveCfg = Release|Any CPU
		{9265A119-9A2A-439B-AA70-3711DE20DAC2}.Release|x64.Build.0 = Release|Any CPU
		{9265A119-9A2A-439B-AA70-3711DE20DAC2}.Release|x86.ActiveCfg = Release|Any CPU
		{9265A119-9A2A-439B-AA70-3711DE20DAC2}.Release|x86.Build.0 = Release|Any CPU
	EndGlobalSection
	GlobalSection(SolutionProperties) = preSolution
		HideSolutionNode = FALSE
	EndGlobalSection
	GlobalSection(NestedProjects) = preSolution
		{9F3E1CF5-0C51-EA7F-28D0-8D554C242207} = {B458C918-99C9-3C5B-4733-12801E6B4202}
		{48EFBE8B-DDC1-4805-B2CC-35F2A1410ED4} = {B458C918-99C9-3C5B-4733-12801E6B4202}
		{BEE0F362-CD46-4CF1-B7FE-5334B9FCEF64} = {B458C918-99C9-3C5B-4733-12801E6B4202}
		{D8214B45-2626-437F-8CCB-DC9577AE94DF} = {B458C918-99C9-3C5B-4733-12801E6B4202}
		{E9022142-BB11-4B64-B5FC-5C57C7A99C6B} = {B458C918-99C9-3C5B-4733-12801E6B4202}
		{2B50244E-F566-4F2B-932C-F04D7BF51FEF} = {B458C918-99C9-3C5B-4733-12801E6B4202}
		{6BF0CFE8-43EC-4FFF-8A46-8729901CC9C8} = {B458C918-99C9-3C5B-4733-12801E6B4202}
		{A2813857-C23F-4488-AB43-F566AF2F1855} = {B458C918-99C9-3C5B-4733-12801E6B4202}
		{61DD8777-156F-4B83-B32D-3946E2B2E943} = {B458C918-99C9-3C5B-4733-12801E6B4202}
		{C6B09FE7-66DD-447C-8A46-219A8988FC0A} = {B458C918-99C9-3C5B-4733-12801E6B4202}
		{633D9127-FF22-4CFC-A493-A63CA0D88B71} = {B458C918-99C9-3C5B-4733-12801E6B4202}
		{15C5A789-E0B0-41B2-B3A9-58CADF7C67F3} = {B458C918-99C9-3C5B-4733-12801E6B4202}
		{52F34625-F9E8-4CF7-B875-A270446C3864} = {B458C918-99C9-3C5B-4733-12801E6B4202}
		{97CD6DD1-F528-42F0-84B5-0A0919212ECF} = {B458C918-99C9-3C5B-4733-12801E6B4202}
		{A6FF2EEC-2EA3-4A9C-9094-89C06D4DD332} = {B458C918-99C9-3C5B-4733-12801E6B4202}
		{5853BC77-7619-4F81-A061-B1412DF84753} = {B458C918-99C9-3C5B-4733-12801E6B4202}
		{1A864180-63E8-49E5-9D1E-92CCE010EC98} = {B458C918-99C9-3C5B-4733-12801E6B4202}
		{E6FB7E16-E317-4840-997D-43797B0AEE40} = {B458C918-99C9-3C5B-4733-12801E6B4202}
		{0ECDEEEB-4F43-4480-BF3C-BA95A27FB0BF} = {B458C918-99C9-3C5B-4733-12801E6B4202}
		{9265A119-9A2A-439B-AA70-3711DE20DAC2} = {B458C918-99C9-3C5B-4733-12801E6B4202}
	EndGlobalSection
	GlobalSection(ExtensibilityGlobals) = postSolution
		SolutionGuid = {0D1FC053-6D76-4825-8140-8CBEF5FF4E02}
	EndGlobalSection
EndGlobal
